#
# This file is autogenerated by pip-compile with Python 3.14
# by the following command:
#
#    .venv/bin/inv lock-deps
#
invoke==3.0.3 \
    --hash=sha256:437b6a622223824380bfb4e64f612711a6b648c795f565efc8625af66fb57f0c \
    --hash=sha256:f11327165e5cbb89b2ad1d88d3292b5113332c43b8553b494da435d6ec6f5053
    # via -r requirements-bootstrap.in
